// !$*UTF8*$!
{
	archiveVersion = 1;
	classes = {
	};
	objectVersion = 56;
	objects = {

/* Begin PBXBuildFile section */
		0FDD6AF52F2781874D53860E /* Pods_RecallLingo.framework in Frameworks */ = {isa = PBXBuildFile; fileRef = 0AC65256C5D1978619E61C04 /* Pods_RecallLingo.framework */; };
		6618605C29DC21AA00C5DFA5 /* .gitignore in Resources */ = {isa = PBXBuildFile; fileRef = 6618605B29DC21AA00C5DFA5 /* .gitignore */; };
		662D853D2A117A1C0065DCF6 /* UDKey.swift in Sources */ = {isa = PBXBuildFile; fileRef = 662D853C2A117A1C0065DCF6 /* UDKey.swift */; };
		663A46F82A3B67B70038DEEB /* ChatUnitView.swift in Sources */ = {isa = PBXBuildFile; fileRef = 663A46F72A3B67B70038DEEB /* ChatUnitView.swift */; };
		663A46FA2A3B68950038DEEB /* ChatUnit.swift in Sources */ = {isa = PBXBuildFile; fileRef = 663A46F92A3B68950038DEEB /* ChatUnit.swift */; };
		664BE1B62A25FCA000E1B577 /* MessageUserView.swift in Sources */ = {isa = PBXBuildFile; fileRef = 664BE1B52A25FCA000E1B577 /* MessageUserView.swift */; };
		664BE1B82A26117200E1B577 /* CustomTextField.swift in Sources */ = {isa = PBXBuildFile; fileRef = 664BE1B72A26117200E1B577 /* CustomTextField.swift */; };
		664BE1BA2A267E2D00E1B577 /* NetworkMonitor.swift in Sources */ = {isa = PBXBuildFile; fileRef = 664BE1B92A267E2D00E1B577 /* NetworkMonitor.swift */; };
		6679C3B02A17CD1700C97213 /* MessageTranslateView.swift in Sources */ = {isa = PBXBuildFile; fileRef = 6679C3AF2A17CD1700C97213 /* MessageTranslateView.swift */; };
		66847BDF29DB3E8400CB3A8E /* MyApp.swift in Sources */ = {isa = PBXBuildFile; fileRef = 66847BDE29DB3E8400CB3A8E /* MyApp.swift */; };
		66847BE129DB3E8400CB3A8E /* MainScreen.swift in Sources */ = {isa = PBXBuildFile; fileRef = 66847BE029DB3E8400CB3A8E /* MainScreen.swift */; };
		66847BE329DB3E8600CB3A8E /* Assets.xcassets in Resources */ = {isa = PBXBuildFile; fileRef = 66847BE229DB3E8600CB3A8E /* Assets.xcassets */; };
		66847BE629DB3E8600CB3A8E /* Preview Assets.xcassets in Resources */ = {isa = PBXBuildFile; fileRef = 66847BE529DB3E8600CB3A8E /* Preview Assets.xcassets */; };
		669EE2292A0B08130056984E /* WordDetailView.swift in Sources */ = {isa = PBXBuildFile; fileRef = 669EE2282A0B08130056984E /* WordDetailView.swift */; };
		669EE2332A0C5EF60056984E /* WordRememberView.swift in Sources */ = {isa = PBXBuildFile; fileRef = 669EE2322A0C5EF60056984E /* WordRememberView.swift */; };
		669EE2382A1039A20056984E /* Color+Extension.swift in Sources */ = {isa = PBXBuildFile; fileRef = 669EE2372A1039A20056984E /* Color+Extension.swift */; };
		66CE6AC52A411D4900A528AE /* CharacterSets.swift in Sources */ = {isa = PBXBuildFile; fileRef = 66CE6AC42A411D4900A528AE /* CharacterSets.swift */; };
		66D295672A3D25A2009AA0F3 /* AudioManager.swift in Sources */ = {isa = PBXBuildFile; fileRef = 66D295662A3D25A2009AA0F3 /* AudioManager.swift */; };
		66DCB1462A2E1247005697C5 /* HidableTabView in Frameworks */ = {isa = PBXBuildFile; productRef = 66DCB1452A2E1247005697C5 /* HidableTabView */; };
		66E273772A025A3600C44C60 /* LocalNotificationManager.swift in Sources */ = {isa = PBXBuildFile; fileRef = 66E273762A025A3600C44C60 /* LocalNotificationManager.swift */; };
		66F8488E2A04706400ED071A /* DictionaryContainer.xcdatamodeld in Sources */ = {isa = PBXBuildFile; fileRef = 66F8488C2A04706400ED071A /* DictionaryContainer.xcdatamodeld */; };
		66F848902A0472B500ED071A /* DataController.swift in Sources */ = {isa = PBXBuildFile; fileRef = 66F8488F2A0472B500ED071A /* DataController.swift */; };
		66F848962A05AE8E00ED071A /* TranslateViewModel.swift in Sources */ = {isa = PBXBuildFile; fileRef = 66F848952A05AE8E00ED071A /* TranslateViewModel.swift */; };
		66FA88CA29E702D10077C159 /* TranslateView.swift in Sources */ = {isa = PBXBuildFile; fileRef = 66FA88C929E702D10077C159 /* TranslateView.swift */; };
		66FA88CC29E706C10077C159 /* DictionaryView.swift in Sources */ = {isa = PBXBuildFile; fileRef = 66FA88CB29E706C10077C159 /* DictionaryView.swift */; };
		66FA88D029E726A80077C159 /* StatisticView.swift in Sources */ = {isa = PBXBuildFile; fileRef = 66FA88CF29E726A80077C159 /* StatisticView.swift */; };
		66FA88D529E726FA0077C159 /* SettingsView.swift in Sources */ = {isa = PBXBuildFile; fileRef = 66FA88D429E726FA0077C159 /* SettingsView.swift */; };
		66FA88D829E766A50077C159 /* KeyboardHiden.swift in Sources */ = {isa = PBXBuildFile; fileRef = 66FA88D729E766A50077C159 /* KeyboardHiden.swift */; };
/* End PBXBuildFile section */

/* Begin PBXFileReference section */
		0AC65256C5D1978619E61C04 /* Pods_RecallLingo.framework */ = {isa = PBXFileReference; explicitFileType = wrapper.framework; includeInIndex = 0; path = Pods_RecallLingo.framework; sourceTree = BUILT_PRODUCTS_DIR; };
		2B664026F391B2FD7E05BB8B /* Pods-RecallLingo.debug.xcconfig */ = {isa = PBXFileReference; includeInIndex = 1; lastKnownFileType = text.xcconfig; name = "Pods-RecallLingo.debug.xcconfig"; path = "Target Support Files/Pods-RecallLingo/Pods-RecallLingo.debug.xcconfig"; sourceTree = "<group>"; };
		6618605B29DC21AA00C5DFA5 /* .gitignore */ = {isa = PBXFileReference; fileEncoding = 4; lastKnownFileType = text; path = .gitignore; sourceTree = "<group>"; };
		662D853C2A117A1C0065DCF6 /* UDKey.swift */ = {isa = PBXFileReference; lastKnownFileType = sourcecode.swift; path = UDKey.swift; sourceTree = "<group>"; };
		663A46F72A3B67B70038DEEB /* ChatUnitView.swift */ = {isa = PBXFileReference; lastKnownFileType = sourcecode.swift; path = ChatUnitView.swift; sourceTree = "<group>"; };
		663A46F92A3B68950038DEEB /* ChatUnit.swift */ = {isa = PBXFileReference; lastKnownFileType = sourcecode.swift; path = ChatUnit.swift; sourceTree = "<group>"; };
		664BE1B52A25FCA000E1B577 /* MessageUserView.swift */ = {isa = PBXFileReference; lastKnownFileType = sourcecode.swift; path = MessageUserView.swift; sourceTree = "<group>"; };
		664BE1B72A26117200E1B577 /* CustomTextField.swift */ = {isa = PBXFileReference; lastKnownFileType = sourcecode.swift; path = CustomTextField.swift; sourceTree = "<group>"; };
		664BE1B92A267E2D00E1B577 /* NetworkMonitor.swift */ = {isa = PBXFileReference; lastKnownFileType = sourcecode.swift; path = NetworkMonitor.swift; sourceTree = "<group>"; };
		6679C3AF2A17CD1700C97213 /* MessageTranslateView.swift */ = {isa = PBXFileReference; lastKnownFileType = sourcecode.swift; path = MessageTranslateView.swift; sourceTree = "<group>"; };
		66847BDB29DB3E8400CB3A8E /* RecallLingo.app */ = {isa = PBXFileReference; explicitFileType = wrapper.application; includeInIndex = 0; path = RecallLingo.app; sourceTree = BUILT_PRODUCTS_DIR; };
		66847BDE29DB3E8400CB3A8E /* MyApp.swift */ = {isa = PBXFileReference; lastKnownFileType = sourcecode.swift; path = MyApp.swift; sourceTree = "<group>"; };
		66847BE029DB3E8400CB3A8E /* MainScreen.swift */ = {isa = PBXFileReference; lastKnownFileType = sourcecode.swift; path = MainScreen.swift; sourceTree = "<group>"; };
		66847BE229DB3E8600CB3A8E /* Assets.xcassets */ = {isa = PBXFileReference; lastKnownFileType = folder.assetcatalog; path = Assets.xcassets; sourceTree = "<group>"; };
		66847BE529DB3E8600CB3A8E /* Preview Assets.xcassets */ = {isa = PBXFileReference; lastKnownFileType = folder.assetcatalog; path = "Preview Assets.xcassets"; sourceTree = "<group>"; };
		669EE2282A0B08130056984E /* WordDetailView.swift */ = {isa = PBXFileReference; lastKnownFileType = sourcecode.swift; path = WordDetailView.swift; sourceTree = "<group>"; };
		669EE2322A0C5EF60056984E /* WordRememberView.swift */ = {isa = PBXFileReference; lastKnownFileType = sourcecode.swift; path = WordRememberView.swift; sourceTree = "<group>"; };
		669EE2342A0D6B440056984E /* Info.plist */ = {isa = PBXFileReference; lastKnownFileType = text.plist; path = Info.plist; sourceTree = "<group>"; };
		669EE2372A1039A20056984E /* Color+Extension.swift */ = {isa = PBXFileReference; lastKnownFileType = sourcecode.swift; path = "Color+Extension.swift"; sourceTree = "<group>"; };
		66CE6AC42A411D4900A528AE /* CharacterSets.swift */ = {isa = PBXFileReference; lastKnownFileType = sourcecode.swift; path = CharacterSets.swift; sourceTree = "<group>"; };
		66D295662A3D25A2009AA0F3 /* AudioManager.swift */ = {isa = PBXFileReference; lastKnownFileType = sourcecode.swift; path = AudioManager.swift; sourceTree = "<group>"; };
		66E273762A025A3600C44C60 /* LocalNotificationManager.swift */ = {isa = PBXFileReference; lastKnownFileType = sourcecode.swift; path = LocalNotificationManager.swift; sourceTree = "<group>"; };
		66F8488D2A04706400ED071A /* Dictionary.xcdatamodel */ = {isa = PBXFileReference; lastKnownFileType = wrapper.xcdatamodel; path = Dictionary.xcdatamodel; sourceTree = "<group>"; };
		66F8488F2A0472B500ED071A /* DataController.swift */ = {isa = PBXFileReference; lastKnownFileType = sourcecode.swift; path = DataController.swift; sourceTree = "<group>"; };
		66F848952A05AE8E00ED071A /* TranslateViewModel.swift */ = {isa = PBXFileReference; lastKnownFileType = sourcecode.swift; path = TranslateViewModel.swift; sourceTree = "<group>"; };
		66FA88C929E702D10077C159 /* TranslateView.swift */ = {isa = PBXFileReference; lastKnownFileType = sourcecode.swift; path = TranslateView.swift; sourceTree = "<group>"; };
		66FA88CB29E706C10077C159 /* DictionaryView.swift */ = {isa = PBXFileReference; lastKnownFileType = sourcecode.swift; path = DictionaryView.swift; sourceTree = "<group>"; };
		66FA88CF29E726A80077C159 /* StatisticView.swift */ = {isa = PBXFileReference; lastKnownFileType = sourcecode.swift; path = StatisticView.swift; sourceTree = "<group>"; };
		66FA88D429E726FA0077C159 /* SettingsView.swift */ = {isa = PBXFileReference; lastKnownFileType = sourcecode.swift; path = SettingsView.swift; sourceTree = "<group>"; };
		66FA88D729E766A50077C159 /* KeyboardHiden.swift */ = {isa = PBXFileReference; lastKnownFileType = sourcecode.swift; path = KeyboardHiden.swift; sourceTree = "<group>"; };
		B44C5A20AFA33C65944DEBAD /* Pods-RecallLingo.release.xcconfig */ = {isa = PBXFileReference; includeInIndex = 1; lastKnownFileType = text.xcconfig; name = "Pods-RecallLingo.release.xcconfig"; path = "Target Support Files/Pods-RecallLingo/Pods-RecallLingo.release.xcconfig"; sourceTree = "<group>"; };
/* End PBXFileReference section */

/* Begin PBXFrameworksBuildPhase section */
		66847BD829DB3E8400CB3A8E /* Frameworks */ = {
			isa = PBXFrameworksBuildPhase;
			buildActionMask = 2147483647;
			files = (
				0FDD6AF52F2781874D53860E /* Pods_RecallLingo.framework in Frameworks */,
				66DCB1462A2E1247005697C5 /* HidableTabView in Frameworks */,
			);
			runOnlyForDeploymentPostprocessing = 0;
		};
/* End PBXFrameworksBuildPhase section */

/* Begin PBXGroup section */
		407AE14EDCF47A403277A7D7 /* Frameworks */ = {
			isa = PBXGroup;
			children = (
				0AC65256C5D1978619E61C04 /* Pods_RecallLingo.framework */,
			);
			name = Frameworks;
			sourceTree = "<group>";
		};
		66847BD229DB3E8400CB3A8E = {
			isa = PBXGroup;
			children = (
				6618605B29DC21AA00C5DFA5 /* .gitignore */,
				66847BDD29DB3E8400CB3A8E /* RecallLingo */,
				66FA88D629E766450077C159 /* Extensions */,
				66847BDC29DB3E8400CB3A8E /* Products */,
				99C9B88302FD5A7B56BBE37E /* Pods */,
				407AE14EDCF47A403277A7D7 /* Frameworks */,
			);
			sourceTree = "<group>";
		};
		66847BDC29DB3E8400CB3A8E /* Products */ = {
			isa = PBXGroup;
			children = (
				66847BDB29DB3E8400CB3A8E /* RecallLingo.app */,
			);
			name = Products;
			sourceTree = "<group>";
		};
		66847BDD29DB3E8400CB3A8E /* RecallLingo */ = {
			isa = PBXGroup;
			children = (
				669EE2342A0D6B440056984E /* Info.plist */,
				66847BDE29DB3E8400CB3A8E /* MyApp.swift */,
				669EE22A2A0B08360056984E /* Views */,
				66F848952A05AE8E00ED071A /* TranslateViewModel.swift */,
				66CE6AC42A411D4900A528AE /* CharacterSets.swift */,
				66D295662A3D25A2009AA0F3 /* AudioManager.swift */,
				663A46F92A3B68950038DEEB /* ChatUnit.swift */,
				664BE1B92A267E2D00E1B577 /* NetworkMonitor.swift */,
				669EE2372A1039A20056984E /* Color+Extension.swift */,
				662D853C2A117A1C0065DCF6 /* UDKey.swift */,
				66F8488F2A0472B500ED071A /* DataController.swift */,
				66E273762A025A3600C44C60 /* LocalNotificationManager.swift */,
				66F8488C2A04706400ED071A /* DictionaryContainer.xcdatamodeld */,
				66847BE229DB3E8600CB3A8E /* Assets.xcassets */,
				66847BE429DB3E8600CB3A8E /* Preview Content */,
			);
			path = RecallLingo;
			sourceTree = "<group>";
		};
		66847BE429DB3E8600CB3A8E /* Preview Content */ = {
			isa = PBXGroup;
			children = (
				66847BE529DB3E8600CB3A8E /* Preview Assets.xcassets */,
			);
			path = "Preview Content";
			sourceTree = "<group>";
		};
		669EE22A2A0B08360056984E /* Views */ = {
			isa = PBXGroup;
			children = (
				66847BE029DB3E8400CB3A8E /* MainScreen.swift */,
				669EE22B2A0B08680056984E /* Translate */,
				669EE22C2A0B088B0056984E /* Dictionary */,
				669EE22F2A0B08BE0056984E /* Statistic */,
				669EE2302A0B08D40056984E /* Settings */,
			);
			path = Views;
			sourceTree = "<group>";
		};
		669EE22B2A0B08680056984E /* Translate */ = {
			isa = PBXGroup;
			children = (
				66FA88C929E702D10077C159 /* TranslateView.swift */,
				664BE1B72A26117200E1B577 /* CustomTextField.swift */,
				6679C3AF2A17CD1700C97213 /* MessageTranslateView.swift */,
				664BE1B52A25FCA000E1B577 /* MessageUserView.swift */,
				663A46F72A3B67B70038DEEB /* ChatUnitView.swift */,
			);
			path = Translate;
			sourceTree = "<group>";
		};
		669EE22C2A0B088B0056984E /* Dictionary */ = {
			isa = PBXGroup;
			children = (
				66FA88CB29E706C10077C159 /* DictionaryView.swift */,
				669EE2282A0B08130056984E /* WordDetailView.swift */,
				669EE2322A0C5EF60056984E /* WordRememberView.swift */,
			);
			path = Dictionary;
			sourceTree = "<group>";
		};
		669EE22F2A0B08BE0056984E /* Statistic */ = {
			isa = PBXGroup;
			children = (
				66FA88CF29E726A80077C159 /* StatisticView.swift */,
			);
			path = Statistic;
			sourceTree = "<group>";
		};
		669EE2302A0B08D40056984E /* Settings */ = {
			isa = PBXGroup;
			children = (
				66FA88D429E726FA0077C159 /* SettingsView.swift */,
			);
			path = Settings;
			sourceTree = "<group>";
		};
		66FA88D629E766450077C159 /* Extensions */ = {
			isa = PBXGroup;
			children = (
				66FA88D729E766A50077C159 /* KeyboardHiden.swift */,
			);
			path = Extensions;
			sourceTree = "<group>";
		};
		99C9B88302FD5A7B56BBE37E /* Pods */ = {
			isa = PBXGroup;
			children = (
				2B664026F391B2FD7E05BB8B /* Pods-RecallLingo.debug.xcconfig */,
				B44C5A20AFA33C65944DEBAD /* Pods-RecallLingo.release.xcconfig */,
			);
			path = Pods;
			sourceTree = "<group>";
		};
/* End PBXGroup section */

/* Begin PBXNativeTarget section */
		66847BDA29DB3E8400CB3A8E /* RecallLingo */ = {
			isa = PBXNativeTarget;
			buildConfigurationList = 66847BE929DB3E8600CB3A8E /* Build configuration list for PBXNativeTarget "RecallLingo" */;
			buildPhases = (
				986213CC18EEC120C78640DF /* [CP] Check Pods Manifest.lock */,
				66847BD729DB3E8400CB3A8E /* Sources */,
				66847BD829DB3E8400CB3A8E /* Frameworks */,
				66847BD929DB3E8400CB3A8E /* Resources */,
				4A4FF835B27901EB0AA5551D /* [CP] Embed Pods Frameworks */,
				433D3AD04FA32DEA371B82FD /* [CP] Copy Pods Resources */,
			);
			buildRules = (
			);
			dependencies = (
			);
			name = RecallLingo;
			packageProductDependencies = (
				66DCB1452A2E1247005697C5 /* HidableTabView */,
			);
			productName = RecallLingo;
			productReference = 66847BDB29DB3E8400CB3A8E /* RecallLingo.app */;
			productType = "com.apple.product-type.application";
		};
/* End PBXNativeTarget section */

/* Begin PBXProject section */
		66847BD329DB3E8400CB3A8E /* Project object */ = {
			isa = PBXProject;
			attributes = {
				BuildIndependentTargetsInParallel = 1;
				LastSwiftUpdateCheck = 1430;
				LastUpgradeCheck = 1430;
				TargetAttributes = {
					66847BDA29DB3E8400CB3A8E = {
						CreatedOnToolsVersion = 14.3;
					};
				};
			};
			buildConfigurationList = 66847BD629DB3E8400CB3A8E /* Build configuration list for PBXProject "RecallLingo" */;
			compatibilityVersion = "Xcode 14.0";
			developmentRegion = en;
			hasScannedForEncodings = 0;
			knownRegions = (
				en,
				Base,
			);
			mainGroup = 66847BD229DB3E8400CB3A8E;
			packageReferences = (
				66DCB1442A2E1247005697C5 /* XCRemoteSwiftPackageReference "HidableTabView-SwiftUI" */,
			);
			productRefGroup = 66847BDC29DB3E8400CB3A8E /* Products */;
			projectDirPath = "";
			projectRoot = "";
			targets = (
				66847BDA29DB3E8400CB3A8E /* RecallLingo */,
			);
		};
/* End PBXProject section */

/* Begin PBXResourcesBuildPhase section */
		66847BD929DB3E8400CB3A8E /* Resources */ = {
			isa = PBXResourcesBuildPhase;
			buildActionMask = 2147483647;
			files = (
				66847BE629DB3E8600CB3A8E /* Preview Assets.xcassets in Resources */,
				6618605C29DC21AA00C5DFA5 /* .gitignore in Resources */,
				66847BE329DB3E8600CB3A8E /* Assets.xcassets in Resources */,
			);
			runOnlyForDeploymentPostprocessing = 0;
		};
/* End PBXResourcesBuildPhase section */

/* Begin PBXShellScriptBuildPhase section */
		433D3AD04FA32DEA371B82FD /* [CP] Copy Pods Resources */ = {
			isa = PBXShellScriptBuildPhase;
			buildActionMask = 2147483647;
			files = (
			);
			inputFileListPaths = (
				"${PODS_ROOT}/Target Support Files/Pods-RecallLingo/Pods-RecallLingo-resources-${CONFIGURATION}-input-files.xcfilelist",
			);
			name = "[CP] Copy Pods Resources";
			outputFileListPaths = (
				"${PODS_ROOT}/Target Support Files/Pods-RecallLingo/Pods-RecallLingo-resources-${CONFIGURATION}-output-files.xcfilelist",
			);
			runOnlyForDeploymentPostprocessing = 0;
			shellPath = /bin/sh;
			shellScript = "\"${PODS_ROOT}/Target Support Files/Pods-RecallLingo/Pods-RecallLingo-resources.sh\"\n";
			showEnvVarsInLog = 0;
		};
		4A4FF835B27901EB0AA5551D /* [CP] Embed Pods Frameworks */ = {
			isa = PBXShellScriptBuildPhase;
			buildActionMask = 2147483647;
			files = (
			);
			inputFileListPaths = (
				"${PODS_ROOT}/Target Support Files/Pods-RecallLingo/Pods-RecallLingo-frameworks-${CONFIGURATION}-input-files.xcfilelist",
			);
			name = "[CP] Embed Pods Frameworks";
			outputFileListPaths = (
				"${PODS_ROOT}/Target Support Files/Pods-RecallLingo/Pods-RecallLingo-frameworks-${CONFIGURATION}-output-files.xcfilelist",
			);
			runOnlyForDeploymentPostprocessing = 0;
			shellPath = /bin/sh;
			shellScript = "\"${PODS_ROOT}/Target Support Files/Pods-RecallLingo/Pods-RecallLingo-frameworks.sh\"\n";
			showEnvVarsInLog = 0;
		};
		986213CC18EEC120C78640DF /* [CP] Check Pods Manifest.lock */ = {
			isa = PBXShellScriptBuildPhase;
			buildActionMask = 2147483647;
			files = (
			);
			inputFileListPaths = (
			);
			inputPaths = (
				"${PODS_PODFILE_DIR_PATH}/Podfile.lock",
				"${PODS_ROOT}/Manifest.lock",
			);
			name = "[CP] Check Pods Manifest.lock";
			outputFileListPaths = (
			);
			outputPaths = (
				"$(DERIVED_FILE_DIR)/Pods-RecallLingo-checkManifestLockResult.txt",
			);
			runOnlyForDeploymentPostprocessing = 0;
			shellPath = /bin/sh;
			shellScript = "diff \"${PODS_PODFILE_DIR_PATH}/Podfile.lock\" \"${PODS_ROOT}/Manifest.lock\" > /dev/null\nif [ $? != 0 ] ; then\n    # print error to STDERR\n    echo \"error: The sandbox is not in sync with the Podfile.lock. Run 'pod install' or update your CocoaPods installation.\" >&2\n    exit 1\nfi\n# This output is used by Xcode 'outputs' to avoid re-running this script phase.\necho \"SUCCESS\" > \"${SCRIPT_OUTPUT_FILE_0}\"\n";
			showEnvVarsInLog = 0;
		};
/* End PBXShellScriptBuildPhase section */

/* Begin PBXSourcesBuildPhase section */
		66847BD729DB3E8400CB3A8E /* Sources */ = {
			isa = PBXSourcesBuildPhase;
			buildActionMask = 2147483647;
			files = (
				66FA88D829E766A50077C159 /* KeyboardHiden.swift in Sources */,
				669EE2382A1039A20056984E /* Color+Extension.swift in Sources */,
				664BE1B62A25FCA000E1B577 /* MessageUserView.swift in Sources */,
				66CE6AC52A411D4900A528AE /* CharacterSets.swift in Sources */,
				66F848902A0472B500ED071A /* DataController.swift in Sources */,
				66FA88D029E726A80077C159 /* StatisticView.swift in Sources */,
				6679C3B02A17CD1700C97213 /* MessageTranslateView.swift in Sources */,
				66E273772A025A3600C44C60 /* LocalNotificationManager.swift in Sources */,
				66F848962A05AE8E00ED071A /* TranslateViewModel.swift in Sources */,
				663A46FA2A3B68950038DEEB /* ChatUnit.swift in Sources */,
				664BE1B82A26117200E1B577 /* CustomTextField.swift in Sources */,
				669EE2292A0B08130056984E /* WordDetailView.swift in Sources */,
				66FA88D529E726FA0077C159 /* SettingsView.swift in Sources */,
				66FA88CA29E702D10077C159 /* TranslateView.swift in Sources */,
				663A46F82A3B67B70038DEEB /* ChatUnitView.swift in Sources */,
				66847BE129DB3E8400CB3A8E /* MainScreen.swift in Sources */,
				66847BDF29DB3E8400CB3A8E /* MyApp.swift in Sources */,
				66F8488E2A04706400ED071A /* DictionaryContainer.xcdatamodeld in Sources */,
				662D853D2A117A1C0065DCF6 /* UDKey.swift in Sources */,
				664BE1BA2A267E2D00E1B577 /* NetworkMonitor.swift in Sources */,
				669EE2332A0C5EF60056984E /* WordRememberView.swift in Sources */,
				66D295672A3D25A2009AA0F3 /* AudioManager.swift in Sources */,
				66FA88CC29E706C10077C159 /* DictionaryView.swift in Sources */,
			);
			runOnlyForDeploymentPostprocessing = 0;
		};
/* End PBXSourcesBuildPhase section */

/* Begin XCBuildConfiguration section */
		66847BE729DB3E8600CB3A8E /* Debug */ = {
			isa = XCBuildConfiguration;
			buildSettings = {
				ALWAYS_SEARCH_USER_PATHS = NO;
				CLANG_ANALYZER_NONNULL = YES;
				CLANG_ANALYZER_NUMBER_OBJECT_CONVERSION = YES_AGGRESSIVE;
				CLANG_CXX_LANGUAGE_STANDARD = "gnu++20";
				CLANG_ENABLE_MODULES = YES;
				CLANG_ENABLE_OBJC_ARC = YES;
				CLANG_ENABLE_OBJC_WEAK = YES;
				CLANG_WARN_BLOCK_CAPTURE_AUTORELEASING = YES;
				CLANG_WARN_BOOL_CONVERSION = YES;
				CLANG_WARN_COMMA = YES;
				CLANG_WARN_CONSTANT_CONVERSION = YES;
				CLANG_WARN_DEPRECATED_OBJC_IMPLEMENTATIONS = YES;
				CLANG_WARN_DIRECT_OBJC_ISA_USAGE = YES_ERROR;
				CLANG_WARN_DOCUMENTATION_COMMENTS = YES;
				CLANG_WARN_EMPTY_BODY = YES;
				CLANG_WARN_ENUM_CONVERSION = YES;
				CLANG_WARN_INFINITE_RECURSION = YES;
				CLANG_WARN_INT_CONVERSION = YES;
				CLANG_WARN_NON_LITERAL_NULL_CONVERSION = YES;
				CLANG_WARN_OBJC_IMPLICIT_RETAIN_SELF = YES;
				CLANG_WARN_OBJC_LITERAL_CONVERSION = YES;
				CLANG_WARN_OBJC_ROOT_CLASS = YES_ERROR;
				CLANG_WARN_QUOTED_INCLUDE_IN_FRAMEWORK_HEADER = YES;
				CLANG_WARN_RANGE_LOOP_ANALYSIS = YES;
				CLANG_WARN_STRICT_PROTOTYPES = YES;
				CLANG_WARN_SUSPICIOUS_MOVE = YES;
				CLANG_WARN_UNGUARDED_AVAILABILITY = YES_AGGRESSIVE;
				CLANG_WARN_UNREACHABLE_CODE = YES;
				CLANG_WARN__DUPLICATE_METHOD_MATCH = YES;
				COPY_PHASE_STRIP = NO;
				DEBUG_INFORMATION_FORMAT = dwarf;
				ENABLE_STRICT_OBJC_MSGSEND = YES;
				ENABLE_TESTABILITY = YES;
				GCC_C_LANGUAGE_STANDARD = gnu11;
				GCC_DYNAMIC_NO_PIC = NO;
				GCC_NO_COMMON_BLOCKS = YES;
				GCC_OPTIMIZATION_LEVEL = 0;
				GCC_PREPROCESSOR_DEFINITIONS = (
					"DEBUG=1",
					"$(inherited)",
				);
				GCC_WARN_64_TO_32_BIT_CONVERSION = YES;
				GCC_WARN_ABOUT_RETURN_TYPE = YES_ERROR;
				GCC_WARN_UNDECLARED_SELECTOR = YES;
				GCC_WARN_UNINITIALIZED_AUTOS = YES_AGGRESSIVE;
				GCC_WARN_UNUSED_FUNCTION = YES;
				GCC_WARN_UNUSED_VARIABLE = YES;
				IPHONEOS_DEPLOYMENT_TARGET = 16.4;
				MTL_ENABLE_DEBUG_INFO = INCLUDE_SOURCE;
				MTL_FAST_MATH = YES;
				ONLY_ACTIVE_ARCH = YES;
				SDKROOT = iphoneos;
				SWIFT_ACTIVE_COMPILATION_CONDITIONS = DEBUG;
				SWIFT_OPTIMIZATION_LEVEL = "-Onone";
			};
			name = Debug;
		};
		66847BE829DB3E8600CB3A8E /* Release */ = {
			isa = XCBuildConfiguration;
			buildSettings = {
				ALWAYS_SEARCH_USER_PATHS = NO;
				CLANG_ANALYZER_NONNULL = YES;
				CLANG_ANALYZER_NUMBER_OBJECT_CONVERSION = YES_AGGRESSIVE;
				CLANG_CXX_LANGUAGE_STANDARD = "gnu++20";
				CLANG_ENABLE_MODULES = YES;
				CLANG_ENABLE_OBJC_ARC = YES;
				CLANG_ENABLE_OBJC_WEAK = YES;
				CLANG_WARN_BLOCK_CAPTURE_AUTORELEASING = YES;
				CLANG_WARN_BOOL_CONVERSION = YES;
				CLANG_WARN_COMMA = YES;
				CLANG_WARN_CONSTANT_CONVERSION = YES;
				CLANG_WARN_DEPRECATED_OBJC_IMPLEMENTATIONS = YES;
				CLANG_WARN_DIRECT_OBJC_ISA_USAGE = YES_ERROR;
				CLANG_WARN_DOCUMENTATION_COMMENTS = YES;
				CLANG_WARN_EMPTY_BODY = YES;
				CLANG_WARN_ENUM_CONVERSION = YES;
				CLANG_WARN_INFINITE_RECURSION = YES;
				CLANG_WARN_INT_CONVERSION = YES;
				CLANG_WARN_NON_LITERAL_NULL_CONVERSION = YES;
				CLANG_WARN_OBJC_IMPLICIT_RETAIN_SELF = YES;
				CLANG_WARN_OBJC_LITERAL_CONVERSION = YES;
				CLANG_WARN_OBJC_ROOT_CLASS = YES_ERROR;
				CLANG_WARN_QUOTED_INCLUDE_IN_FRAMEWORK_HEADER = YES;
				CLANG_WARN_RANGE_LOOP_ANALYSIS = YES;
				CLANG_WARN_STRICT_PROTOTYPES = YES;
				CLANG_WARN_SUSPICIOUS_MOVE = YES;
				CLANG_WARN_UNGUARDED_AVAILABILITY = YES_AGGRESSIVE;
				CLANG_WARN_UNREACHABLE_CODE = YES;
				CLANG_WARN__DUPLICATE_METHOD_MATCH = YES;
				COPY_PHASE_STRIP = NO;
				DEBUG_INFORMATION_FORMAT = "dwarf-with-dsym";
				ENABLE_NS_ASSERTIONS = NO;
				ENABLE_STRICT_OBJC_MSGSEND = YES;
				GCC_C_LANGUAGE_STANDARD = gnu11;
				GCC_NO_COMMON_BLOCKS = YES;
				GCC_WARN_64_TO_32_BIT_CONVERSION = YES;
				GCC_WARN_ABOUT_RETURN_TYPE = YES_ERROR;
				GCC_WARN_UNDECLARED_SELECTOR = YES;
				GCC_WARN_UNINITIALIZED_AUTOS = YES_AGGRESSIVE;
				GCC_WARN_UNUSED_FUNCTION = YES;
				GCC_WARN_UNUSED_VARIABLE = YES;
				IPHONEOS_DEPLOYMENT_TARGET = 16.4;
				MTL_ENABLE_DEBUG_INFO = NO;
				MTL_FAST_MATH = YES;
				SDKROOT = iphoneos;
				SWIFT_COMPILATION_MODE = wholemodule;
				SWIFT_OPTIMIZATION_LEVEL = "-O";
				VALIDATE_PRODUCT = YES;
			};
			name = Release;
		};
		66847BEA29DB3E8600CB3A8E /* Debug */ = {
			isa = XCBuildConfiguration;
			baseConfigurationReference = 2B664026F391B2FD7E05BB8B /* Pods-RecallLingo.debug.xcconfig */;
			buildSettings = {
				ASSETCATALOG_COMPILER_APPICON_NAME = AppIcon;
				ASSETCATALOG_COMPILER_GLOBAL_ACCENT_COLOR_NAME = AccentColor;
				ASSETCATALOG_COMPILER_INCLUDE_ALL_APPICON_ASSETS = NO;
				CODE_SIGN_STYLE = Automatic;
				CURRENT_PROJECT_VERSION = 1;
				DEVELOPMENT_ASSET_PATHS = "\"RecallLingo/Preview Content\"";
				DEVELOPMENT_TEAM = 2S8FW6N8Q7;
				ENABLE_PREVIEWS = YES;
				GENERATE_INFOPLIST_FILE = YES;
				INFOPLIST_FILE = RecallLingo/Info.plist;
				INFOPLIST_KEY_UIApplicationSceneManifest_Generation = YES;
				INFOPLIST_KEY_UIApplicationSupportsIndirectInputEvents = YES;
				INFOPLIST_KEY_UILaunchScreen_Generation = YES;
				INFOPLIST_KEY_UILaunchStoryboardName = LaunchScreen.storyboard;
				INFOPLIST_KEY_UISupportedInterfaceOrientations = UIInterfaceOrientationPortrait;
				INFOPLIST_KEY_UISupportedInterfaceOrientations_iPad = "UIInterfaceOrientationLandscapeLeft UIInterfaceOrientationLandscapeRight UIInterfaceOrientationPortrait UIInterfaceOrientationPortraitUpsideDown";
				IPHONEOS_DEPLOYMENT_TARGET = 16;
				LD_RUNPATH_SEARCH_PATHS = (
					"$(inherited)",
					"@executable_path/Frameworks",
				);
				MARKETING_VERSION = 1.0;
				PRODUCT_BUNDLE_IDENTIFIER = me.pryshliak.dmytro.RecallLingo;
				PRODUCT_NAME = "$(TARGET_NAME)";
				SWIFT_EMIT_LOC_STRINGS = YES;
				SWIFT_VERSION = 5.0;
				TARGETED_DEVICE_FAMILY = 1;
			};
			name = Debug;
		};
		66847BEB29DB3E8600CB3A8E /* Release */ = {
			isa = XCBuildConfiguration;
			baseConfigurationReference = B44C5A20AFA33C65944DEBAD /* Pods-RecallLingo.release.xcconfig */;
			buildSettings = {
				ASSETCATALOG_COMPILER_APPICON_NAME = AppIcon;
				ASSETCATALOG_COMPILER_GLOBAL_ACCENT_COLOR_NAME = AccentColor;
				ASSETCATALOG_COMPILER_INCLUDE_ALL_APPICON_ASSETS = NO;
				CODE_SIGN_STYLE = Automatic;
				CURRENT_PROJECT_VERSION = 1;
				DEVELOPMENT_ASSET_PATHS = "\"RecallLingo/Preview Content\"";
				DEVELOPMENT_TEAM = 2S8FW6N8Q7;
				ENABLE_PREVIEWS = YES;
				GENERATE_INFOPLIST_FILE = YES;
				INFOPLIST_FILE = RecallLingo/Info.plist;
				INFOPLIST_KEY_UIApplicationSceneManifest_Generation = YES;
				INFOPLIST_KEY_UIApplicationSupportsIndirectInputEvents = YES;
				INFOPLIST_KEY_UILaunchScreen_Generation = YES;
				INFOPLIST_KEY_UILaunchStoryboardName = LaunchScreen.storyboard;
				INFOPLIST_KEY_UISupportedInterfaceOrientations = UIInterfaceOrientationPortrait;
				INFOPLIST_KEY_UISupportedInterfaceOrientations_iPad = "UIInterfaceOrientationLandscapeLeft UIInterfaceOrientationLandscapeRight UIInterfaceOrientationPortrait UIInterfaceOrientationPortraitUpsideDown";
				IPHONEOS_DEPLOYMENT_TARGET = 16;
				LD_RUNPATH_SEARCH_PATHS = (
					"$(inherited)",
					"@executable_path/Frameworks",
				);
				MARKETING_VERSION = 1.0;
				PRODUCT_BUNDLE_IDENTIFIER = me.pryshliak.dmytro.RecallLingo;
				PRODUCT_NAME = "$(TARGET_NAME)";
				SWIFT_EMIT_LOC_STRINGS = YES;
				SWIFT_VERSION = 5.0;
				TARGETED_DEVICE_FAMILY = 1;
			};
			name = Release;
		};
/* End XCBuildConfiguration section */

/* Begin XCConfigurationList section */
		66847BD629DB3E8400CB3A8E /* Build configuration list for PBXProject "RecallLingo" */ = {
			isa = XCConfigurationList;
			buildConfigurations = (
				66847BE729DB3E8600CB3A8E /* Debug */,
				66847BE829DB3E8600CB3A8E /* Release */,
			);
			defaultConfigurationIsVisible = 0;
			defaultConfigurationName = Release;
		};
		66847BE929DB3E8600CB3A8E /* Build configuration list for PBXNativeTarget "RecallLingo" */ = {
			isa = XCConfigurationList;
			buildConfigurations = (
				66847BEA29DB3E8600CB3A8E /* Debug */,
				66847BEB29DB3E8600CB3A8E /* Release */,
			);
			defaultConfigurationIsVisible = 0;
			defaultConfigurationName = Release;
		};
/* End XCConfigurationList section */

/* Begin XCRemoteSwiftPackageReference section */
		66DCB1442A2E1247005697C5 /* XCRemoteSwiftPackageReference "HidableTabView-SwiftUI" */ = {
			isa = XCRemoteSwiftPackageReference;
			repositoryURL = "https://github.com/AliMert/HidableTabView-SwiftUI.git";
			requirement = {
				kind = upToNextMajorVersion;
				minimumVersion = 1.0.0;
			};
		};
/* End XCRemoteSwiftPackageReference section */

/* Begin XCSwiftPackageProductDependency section */
		66DCB1452A2E1247005697C5 /* HidableTabView */ = {
			isa = XCSwiftPackageProductDependency;
			package = 66DCB1442A2E1247005697C5 /* XCRemoteSwiftPackageReference "HidableTabView-SwiftUI" */;
			productName = HidableTabView;
		};
/* End XCSwiftPackageProductDependency section */

/* Begin XCVersionGroup section */
		66F8488C2A04706400ED071A /* DictionaryContainer.xcdatamodeld */ = {
			isa = XCVersionGroup;
			children = (
				66F8488D2A04706400ED071A /* Dictionary.xcdatamodel */,
			);
			currentVersion = 66F8488D2A04706400ED071A /* Dictionary.xcdatamodel */;
			path = DictionaryContainer.xcdatamodeld;
			sourceTree = "<group>";
			versionGroupType = wrapper.xcdatamodel;
		};
/* End XCVersionGroup section */
	};
	rootObject = 66847BD329DB3E8400CB3A8E /* Project object */;
}
